
Microsoft Visual Studio Solution File, Format Version 12.00
# Visual Studio Version 17
VisualStudioVersion = 17.2.32314.265
MinimumVisualStudioVersion = 10.0.40219.1
Project("{9A19103F-16F7-4668-BE54-9A1E7A4F7556}") = "UserInfo.Library", "UserInfo.Library\UserInfo.Library.csproj", "{63544AB0-D9AC-4758-AE38-7251D2B81088}"
EndProject
Project("{9A19103F-16F7-4668-BE54-9A1E7A4F7556}") = "UserInfo.WebSample", "UserInfo.WebSample\UserInfo.WebSample.csproj", "{5E16CC31-70EF-4DCA-802E-80ED844F3551}"
EndProject
Global
	GlobalSection(SolutionConfigurationPlatforms) = preSolution
		Debug|Any CPU = Debug|Any CPU
		Release|Any CPU = Release|Any CPU
	EndGlobalSection
	GlobalSection(ProjectConfigurationPlatforms) = postSolution
		{63544AB0-D9AC-4758-AE38-7251D2B81088}.Debug|Any CPU.ActiveCfg = Debug|Any CPU
		{63544AB0-D9AC-4758-AE38-7251D2B81088}.Debug|Any CPU.Build.0 = Debug|Any CPU
		{63544AB0-D9AC-4758-AE38-7251D2B81088}.Release|Any CPU.ActiveCfg = Release|Any CPU
		{63544AB0-D9AC-4758-AE38-7251D2B81088}.Release|Any CPU.Build.0 = Release|Any CPU
		{5E16CC31-70EF-4DCA-802E-80ED844F3551}.Debug|Any CPU.ActiveCfg = Debug|Any CPU
		{5E16CC31-70EF-4DCA-802E-80ED844F3551}.Debug|Any CPU.Build.0 = Debug|Any CPU
		{5E16CC31-70EF-4DCA-802E-80ED844F3551}.Release|Any CPU.ActiveCfg = Release|Any CPU
		{5E16CC31-70EF-4DCA-802E-80ED844F3551}.Release|Any CPU.Build.0 = Release|Any CPU
	EndGlobalSection
	GlobalSection(SolutionProperties) = preSolution
		HideSolutionNode = FALSE
	EndGlobalSection
	GlobalSection(ExtensibilityGlobals) = postSolution
		SolutionGuid = {452BEA4F-F93E-46CA-AF13-A877FFC86A79}
	EndGlobalSection
EndGlobal
